
Microsoft Visual Studio Solution File, Format Version 12.00
# Visual Studio 14
VisualStudioVersion = 14.0.25420.1
MinimumVisualStudioVersion = 10.0.40219.1
Project("{8BC9CEB8-8B4A-11D0-8D11-00A0C91BC942}") = "CVTutor.Core.Mat01", "CVTutor.Core.Mat01\CVTutor.Core.Mat01.vcxproj", "{5B4E6B5C-FAD1-46EA-9542-FB0FBA9ABB74}"
EndProject
Project("{8BC9CEB8-8B4A-11D0-8D11-00A0C91BC942}") = "CVTutor.Core.Scan01", "CVTutor.Core.Scan01\CVTutor.Core.Scan01.vcxproj", "{2AF9CF19-C844-4921-A7FF-A3A55B7CA6B9}"
EndProject
Project("{8BC9CEB8-8B4A-11D0-8D11-00A0C91BC942}") = "CVTutor.Core.CommonLib", "CVTutor.Core.CommonLib\CVTutor.Core.CommonLib.vcxproj", "{A19179C3-3170-4A72-9F51-84851C90094A}"
EndProject
Project("{8BC9CEB8-8B4A-11D0-8D11-00A0C91BC942}") = "CVTutor.Core.Mat02", "CVTutor.Core.Mat02\CVTutor.Core.Mat02.vcxproj", "{6A93BBB2-82F1-4F04-B163-2BDB6023BF64}"
EndProject
Project("{8BC9CEB8-8B4A-11D0-8D11-00A0C91BC942}") = "CVTutor.Core.Fourier01", "CVTutor.Core.Fourier01\CVTutor.Core.Fourier01.vcxproj", "{D362B92B-9677-47CF-8E52-1F75E978178B}"
EndProject
Project("{8BC9CEB8-8B4A-11D0-8D11-00A0C91BC942}") = "CVTutor.Core.MaskOps01", "CVTutor.Core.MaskOps01\CVTutor.Core.MaskOps01.vcxproj", "{D0B39178-2137-4B86-AC25-50F0305051D0}"
EndProject
Project("{8BC9CEB8-8B4A-11D0-8D11-00A0C91BC942}") = "CVTutor.Core.ImageOps01", "CVTutor.Core.ImageOps01\CVTutor.Core.ImageOps01.vcxproj", "{E7FDBA50-FF16-41AC-9A82-664E39CD73C5}"
EndProject
Project("{8BC9CEB8-8B4A-11D0-8D11-00A0C91BC942}") = "CVTutor.Core.Blending01", "CVTutor.Core.Blending01\CVTutor.Core.Blending01.vcxproj", "{316B9D08-AD0D-4AF4-9008-EFB999DB3153}"
EndProject
Project("{8BC9CEB8-8B4A-11D0-8D11-00A0C91BC942}") = "CVTutor.Core.Drawing01", "CVTutor.Core.Drawing01\CVTutor.Core.Drawing01.vcxproj", "{0F198B42-AD57-4062-A09B-4589B19E9411}"
EndProject
Project("{8BC9CEB8-8B4A-11D0-8D11-00A0C91BC942}") = "CVTutor.Core.PixelTransform01", "CVTutor.Core.PixelTransform01\CVTutor.Core.PixelTransform01.vcxproj", "{32EBB020-B206-45E3-811E-0C80B9C6936B}"
EndProject
Project("{8BC9CEB8-8B4A-11D0-8D11-00A0C91BC942}") = "CVTutor.Core.RandomText01", "CVTutor.Core.RandomText01\CVTutor.Core.RandomText01.vcxproj", "{DC2B951E-ACBC-4BAF-9792-DA0DEB9292C6}"
EndProject
Project("{8BC9CEB8-8B4A-11D0-8D11-00A0C91BC942}") = "CVTutor.Core.RandomText02", "CVTutor.Core.RandomText02\CVTutor.Core.RandomText02.vcxproj", "{44713AA8-92AD-413F-9C03-3907702E8C8A}"
EndProject
Project("{8BC9CEB8-8B4A-11D0-8D11-00A0C91BC942}") = "CVTutor.Core.FileIO01", "CVTutor.Core.FileIO01\CVTutor.Core.FileIO01.vcxproj", "{70FE6FC5-8BCE-4F11-AD10-B5CB20F937B5}"
EndProject
Project("{8BC9CEB8-8B4A-11D0-8D11-00A0C91BC942}") = "CVTutor.Core.ImageOps02", "CVTutor.Core.ImageOps02\CVTutor.Core.ImageOps02.vcxproj", "{D2B78C0D-EDE8-4915-AF22-FBE6FEF601F7}"
EndProject
Project("{8BC9CEB8-8B4A-11D0-8D11-00A0C91BC942}") = "CVTutor.Core.CommandLine01", "CVTutor.Core.CommandLine01\CVTutor.Core.CommandLine01.vcxproj", "{EBD28315-7F46-4629-9745-F30EC19D3BFA}"
EndProject
Project("{8BC9CEB8-8B4A-11D0-8D11-00A0C91BC942}") = "CVTutor.Core.Mat03", "CVTutor.Core.Mat03\CVTutor.Core.Mat03.vcxproj", "{2CA67961-BA44-432A-B42C-98A8D5313EB3}"
EndProject
Global
	GlobalSection(SolutionConfigurationPlatforms) = preSolution
		Debug|x64 = Debug|x64
		Debug|x86 = Debug|x86
		Release|x64 = Release|x64
		Release|x86 = Release|x86
	EndGlobalSection
	GlobalSection(ProjectConfigurationPlatforms) = postSolution
		{5B4E6B5C-FAD1-46EA-9542-FB0FBA9ABB74}.Debug|x64.ActiveCfg = Debug|x64
		{5B4E6B5C-FAD1-46EA-9542-FB0FBA9ABB74}.Debug|x64.Build.0 = Debug|x64
		{5B4E6B5C-FAD1-46EA-9542-FB0FBA9ABB74}.Debug|x86.ActiveCfg = Debug|Win32
		{5B4E6B5C-FAD1-46EA-9542-FB0FBA9ABB74}.Debug|x86.Build.0 = Debug|Win32
		{5B4E6B5C-FAD1-46EA-9542-FB0FBA9ABB74}.Release|x64.ActiveCfg = Release|x64
		{5B4E6B5C-FAD1-46EA-9542-FB0FBA9ABB74}.Release|x64.Build.0 = Release|x64
		{5B4E6B5C-FAD1-46EA-9542-FB0FBA9ABB74}.Release|x86.ActiveCfg = Release|Win32
		{5B4E6B5C-FAD1-46EA-9542-FB0FBA9ABB74}.Release|x86.Build.0 = Release|Win32
		{2AF9CF19-C844-4921-A7FF-A3A55B7CA6B9}.Debug|x64.ActiveCfg = Debug|x64
		{2AF9CF19-C844-4921-A7FF-A3A55B7CA6B9}.Debug|x64.Build.0 = Debug|x64
		{2AF9CF19-C844-4921-A7FF-A3A55B7CA6B9}.Debug|x86.ActiveCfg = Debug|Win32
		{2AF9CF19-C844-4921-A7FF-A3A55B7CA6B9}.Debug|x86.Build.0 = Debug|Win32
		{2AF9CF19-C844-4921-A7FF-A3A55B7CA6B9}.Release|x64.ActiveCfg = Release|x64
		{2AF9CF19-C844-4921-A7FF-A3A55B7CA6B9}.Release|x64.Build.0 = Release|x64
		{2AF9CF19-C844-4921-A7FF-A3A55B7CA6B9}.Release|x86.ActiveCfg = Release|Win32
		{2AF9CF19-C844-4921-A7FF-A3A55B7CA6B9}.Release|x86.Build.0 = Release|Win32
		{A19179C3-3170-4A72-9F51-84851C90094A}.Debug|x64.ActiveCfg = Debug|x64
		{A19179C3-3170-4A72-9F51-84851C90094A}.Debug|x64.Build.0 = Debug|x64
		{A19179C3-3170-4A72-9F51-84851C90094A}.Debug|x86.ActiveCfg = Debug|Win32
		{A19179C3-3170-4A72-9F51-84851C90094A}.Debug|x86.Build.0 = Debug|Win32
		{A19179C3-3170-4A72-9F51-84851C90094A}.Release|x64.ActiveCfg = Release|x64
		{A19179C3-3170-4A72-9F51-84851C90094A}.Release|x64.Build.0 = Release|x64
		{A19179C3-3170-4A72-9F51-84851C90094A}.Release|x86.ActiveCfg = Release|Win32
		{A19179C3-3170-4A72-9F51-84851C90094A}.Release|x86.Build.0 = Release|Win32
		{6A93BBB2-82F1-4F04-B163-2BDB6023BF64}.Debug|x64.ActiveCfg = Debug|x64
		{6A93BBB2-82F1-4F04-B163-2BDB6023BF64}.Debug|x64.Build.0 = Debug|x64
		{6A93BBB2-82F1-4F04-B163-2BDB6023BF64}.Debug|x86.ActiveCfg = Debug|Win32
		{6A93BBB2-82F1-4F04-B163-2BDB6023BF64}.Debug|x86.Build.0 = Debug|Win32
		{6A93BBB2-82F1-4F04-B163-2BDB6023BF64}.Release|x64.ActiveCfg = Release|x64
		{6A93BBB2-82F1-4F04-B163-2BDB6023BF64}.Release|x64.Build.0 = Release|x64
		{6A93BBB2-82F1-4F04-B163-2BDB6023BF64}.Release|x86.ActiveCfg = Release|Win32
		{6A93BBB2-82F1-4F04-B163-2BDB6023BF64}.Release|x86.Build.0 = Release|Win32
		{D362B92B-9677-47CF-8E52-1F75E978178B}.Debug|x64.ActiveCfg = Debug|x64
		{D362B92B-9677-47CF-8E52-1F75E978178B}.Debug|x64.Build.0 = Debug|x64
		{D362B92B-9677-47CF-8E52-1F75E978178B}.Debug|x86.ActiveCfg = Debug|Win32
		{D362B92B-9677-47CF-8E52-1F75E978178B}.Debug|x86.Build.0 = Debug|Win32
		{D362B92B-9677-47CF-8E52-1F75E978178B}.Release|x64.ActiveCfg = Release|x64
		{D362B92B-9677-47CF-8E52-1F75E978178B}.Release|x64.Build.0 = Release|x64
		{D362B92B-9677-47CF-8E52-1F75E978178B}.Release|x86.ActiveCfg = Release|Win32
		{D362B92B-9677-47CF-8E52-1F75E978178B}.Release|x86.Build.0 = Release|Win32
		{D0B39178-2137-4B86-AC25-50F0305051D0}.Debug|x64.ActiveCfg = Debug|x64
		{D0B39178-2137-4B86-AC25-50F0305051D0}.Debug|x64.Build.0 = Debug|x64
		{D0B39178-2137-4B86-AC25-50F0305051D0}.Debug|x86.ActiveCfg = Debug|Win32
		{D0B39178-2137-4B86-AC25-50F0305051D0}.Debug|x86.Build.0 = Debug|Win32
		{D0B39178-2137-4B86-AC25-50F0305051D0}.Release|x64.ActiveCfg = Release|x64
		{D0B39178-2137-4B86-AC25-50F0305051D0}.Release|x64.Build.0 = Release|x64
		{D0B39178-2137-4B86-AC25-50F0305051D0}.Release|x86.ActiveCfg = Release|Win32
		{D0B39178-2137-4B86-AC25-50F0305051D0}.Release|x86.Build.0 = Release|Win32
		{E7FDBA50-FF16-41AC-9A82-664E39CD73C5}.Debug|x64.ActiveCfg = Debug|x64
		{E7FDBA50-FF16-41AC-9A82-664E39CD73C5}.Debug|x64.Build.0 = Debug|x64
		{E7FDBA50-FF16-41AC-9A82-664E39CD73C5}.Debug|x86.ActiveCfg = Debug|Win32
		{E7FDBA50-FF16-41AC-9A82-664E39CD73C5}.Debug|x86.Build.0 = Debug|Win32
		{E7FDBA50-FF16-41AC-9A82-664E39CD73C5}.Release|x64.ActiveCfg = Release|x64
		{E7FDBA50-FF16-41AC-9A82-664E39CD73C5}.Release|x64.Build.0 = Release|x64
		{E7FDBA50-FF16-41AC-9A82-664E39CD73C5}.Release|x86.ActiveCfg = Release|Win32
		{E7FDBA50-FF16-41AC-9A82-664E39CD73C5}.Release|x86.Build.0 = Release|Win32
		{316B9D08-AD0D-4AF4-9008-EFB999DB3153}.Debug|x64.ActiveCfg = Debug|x64
		{316B9D08-AD0D-4AF4-9008-EFB999DB3153}.Debug|x64.Build.0 = Debug|x64
		{316B9D08-AD0D-4AF4-9008-EFB999DB3153}.Debug|x86.ActiveCfg = Debug|Win32
		{316B9D08-AD0D-4AF4-9008-EFB999DB3153}.Debug|x86.Build.0 = Debug|Win32
		{316B9D08-AD0D-4AF4-9008-EFB999DB3153}.Release|x64.ActiveCfg = Release|x64
		{316B9D08-AD0D-4AF4-9008-EFB999DB3153}.Release|x64.Build.0 = Release|x64
		{316B9D08-AD0D-4AF4-9008-EFB999DB3153}.Release|x86.ActiveCfg = Release|Win32
		{316B9D08-AD0D-4AF4-9008-EFB999DB3153}.Release|x86.Build.0 = Release|Win32
		{0F198B42-AD57-4062-A09B-4589B19E9411}.Debug|x64.ActiveCfg = Debug|x64
		{0F198B42-AD57-4062-A09B-4589B19E9411}.Debug|x64.Build.0 = Debug|x64
		{0F198B42-AD57-4062-A09B-4589B19E9411}.Debug|x86.ActiveCfg = Debug|Win32
		{0F198B42-AD57-4062-A09B-4589B19E9411}.Debug|x86.Build.0 = Debug|Win32
		{0F198B42-AD57-4062-A09B-4589B19E9411}.Release|x64.ActiveCfg = Release|x64
		{0F198B42-AD57-4062-A09B-4589B19E9411}.Release|x64.Build.0 = Release|x64
		{0F198B42-AD57-4062-A09B-4589B19E9411}.Release|x86.ActiveCfg = Release|Win32
		{0F198B42-AD57-4062-A09B-4589B19E9411}.Release|x86.Build.0 = Release|Win32
		{32EBB020-B206-45E3-811E-0C80B9C6936B}.Debug|x64.ActiveCfg = Debug|x64
		{32EBB020-B206-45E3-811E-0C80B9C6936B}.Debug|x64.Build.0 = Debug|x64
		{32EBB020-B206-45E3-811E-0C80B9C6936B}.Debug|x86.ActiveCfg = Debug|Win32
		{32EBB020-B206-45E3-811E-0C80B9C6936B}.Debug|x86.Build.0 = Debug|Win32
		{32EBB020-B206-45E3-811E-0C80B9C6936B}.Release|x64.ActiveCfg = Release|x64
		{32EBB020-B206-45E3-811E-0C80B9C6936B}.Release|x64.Build.0 = Release|x64
		{32EBB020-B206-45E3-811E-0C80B9C6936B}.Release|x86.ActiveCfg = Release|Win32
		{32EBB020-B206-45E3-811E-0C80B9C6936B}.Release|x86.Build.0 = Release|Win32
		{DC2B951E-ACBC-4BAF-9792-DA0DEB9292C6}.Debug|x64.ActiveCfg = Debug|x64
		{DC2B951E-ACBC-4BAF-9792-DA0DEB9292C6}.Debug|x64.Build.0 = Debug|x64
		{DC2B951E-ACBC-4BAF-9792-DA0DEB9292C6}.Debug|x86.ActiveCfg = Debug|Win32
		{DC2B951E-ACBC-4BAF-9792-DA0DEB9292C6}.Debug|x86.Build.0 = Debug|Win32
		{DC2B951E-ACBC-4BAF-9792-DA0DEB9292C6}.Release|x64.ActiveCfg = Release|x64
		{DC2B951E-ACBC-4BAF-9792-DA0DEB9292C6}.Release|x64.Build.0 = Release|x64
		{DC2B951E-ACBC-4BAF-9792-DA0DEB9292C6}.Release|x86.ActiveCfg = Release|Win32
		{DC2B951E-ACBC-4BAF-9792-DA0DEB9292C6}.Release|x86.Build.0 = Release|Win32
		{44713AA8-92AD-413F-9C03-3907702E8C8A}.Debug|x64.ActiveCfg = Debug|x64
		{44713AA8-92AD-413F-9C03-3907702E8C8A}.Debug|x64.Build.0 = Debug|x64
		{44713AA8-92AD-413F-9C03-3907702E8C8A}.Debug|x86.ActiveCfg = Debug|Win32
		{44713AA8-92AD-413F-9C03-3907702E8C8A}.Debug|x86.Build.0 = Debug|Win32
		{44713AA8-92AD-413F-9C03-3907702E8C8A}.Release|x64.ActiveCfg = Release|x64
		{44713AA8-92AD-413F-9C03-3907702E8C8A}.Release|x64.Build.0 = Release|x64
		{44713AA8-92AD-413F-9C03-3907702E8C8A}.Release|x86.ActiveCfg = Release|Win32
		{44713AA8-92AD-413F-9C03-3907702E8C8A}.Release|x86.Build.0 = Release|Win32
		{70FE6FC5-8BCE-4F11-AD10-B5CB20F937B5}.Debug|x64.ActiveCfg = Debug|x64
		{70FE6FC5-8BCE-4F11-AD10-B5CB20F937B5}.Debug|x64.Build.0 = Debug|x64
		{70FE6FC5-8BCE-4F11-AD10-B5CB20F937B5}.Debug|x86.ActiveCfg = Debug|Win32
		{70FE6FC5-8BCE-4F11-AD10-B5CB20F937B5}.Debug|x86.Build.0 = Debug|Win32
		{70FE6FC5-8BCE-4F11-AD10-B5CB20F937B5}.Release|x64.ActiveCfg = Release|x64
		{70FE6FC5-8BCE-4F11-AD10-B5CB20F937B5}.Release|x64.Build.0 = Release|x64
		{70FE6FC5-8BCE-4F11-AD10-B5CB20F937B5}.Release|x86.ActiveCfg = Release|Win32
		{70FE6FC5-8BCE-4F11-AD10-B5CB20F937B5}.Release|x86.Build.0 = Release|Win32
		{D2B78C0D-EDE8-4915-AF22-FBE6FEF601F7}.Debug|x64.ActiveCfg = Debug|x64
		{D2B78C0D-EDE8-4915-AF22-FBE6FEF601F7}.Debug|x64.Build.0 = Debug|x64
		{D2B78C0D-EDE8-4915-AF22-FBE6FEF601F7}.Debug|x86.ActiveCfg = Debug|Win32
		{D2B78C0D-EDE8-4915-AF22-FBE6FEF601F7}.Debug|x86.Build.0 = Debug|Win32
		{D2B78C0D-EDE8-4915-AF22-FBE6FEF601F7}.Release|x64.ActiveCfg = Release|x64
		{D2B78C0D-EDE8-4915-AF22-FBE6FEF601F7}.Release|x64.Build.0 = Release|x64
		{D2B78C0D-EDE8-4915-AF22-FBE6FEF601F7}.Release|x86.ActiveCfg = Release|Win32
		{D2B78C0D-EDE8-4915-AF22-FBE6FEF601F7}.Release|x86.Build.0 = Release|Win32
		{EBD28315-7F46-4629-9745-F30EC19D3BFA}.Debug|x64.ActiveCfg = Debug|x64
		{EBD28315-7F46-4629-9745-F30EC19D3BFA}.Debug|x64.Build.0 = Debug|x64
		{EBD28315-7F46-4629-9745-F30EC19D3BFA}.Debug|x86.ActiveCfg = Debug|Win32
		{EBD28315-7F46-4629-9745-F30EC19D3BFA}.Debug|x86.Build.0 = Debug|Win32
		{EBD28315-7F46-4629-9745-F30EC19D3BFA}.Release|x64.ActiveCfg = Release|x64
		{EBD28315-7F46-4629-9745-F30EC19D3BFA}.Release|x64.Build.0 = Release|x64
		{EBD28315-7F46-4629-9745-F30EC19D3BFA}.Release|x86.ActiveCfg = Release|Win32
		{EBD28315-7F46-4629-9745-F30EC19D3BFA}.Release|x86.Build.0 = Release|Win32
		{2CA67961-BA44-432A-B42C-98A8D5313EB3}.Debug|x64.ActiveCfg = Debug|x64
		{2CA67961-BA44-432A-B42C-98A8D5313EB3}.Debug|x64.Build.0 = Debug|x64
		{2CA67961-BA44-432A-B42C-98A8D5313EB3}.Debug|x86.ActiveCfg = Debug|Win32
		{2CA67961-BA44-432A-B42C-98A8D5313EB3}.Debug|x86.Build.0 = Debug|Win32
		{2CA67961-BA44-432A-B42C-98A8D5313EB3}.Release|x64.ActiveCfg = Release|x64
		{2CA67961-BA44-432A-B42C-98A8D5313EB3}.Release|x64.Build.0 = Release|x64
		{2CA67961-BA44-432A-B42C-98A8D5313EB3}.Release|x86.ActiveCfg = Release|Win32
		{2CA67961-BA44-432A-B42C-98A8D5313EB3}.Release|x86.Build.0 = Release|Win32
	EndGlobalSection
	GlobalSection(SolutionProperties) = preSolution
		HideSolutionNode = FALSE
	EndGlobalSection
EndGlobal
